// !$*UTF8*$!
{
	archiveVersion = 1;
	classes = {
	};
	objectVersion = 46;
	objects = {

/* Begin PBXBuildFile section */
		843B5F401EB1E5C800C2AF70 /* main.m in Sources */ = {isa = PBXBuildFile; fileRef = 843B5F3F1EB1E5C800C2AF70 /* main.m */; };
		843B5F431EB1E5C800C2AF70 /* AppDelegate.m in Sources */ = {isa = PBXBuildFile; fileRef = 843B5F421EB1E5C800C2AF70 /* AppDelegate.m */; };
		843B5F461EB1E5C800C2AF70 /* ViewController.m in Sources */ = {isa = PBXBuildFile; fileRef = 843B5F451EB1E5C800C2AF70 /* ViewController.m */; };
		843B5F491EB1E5C800C2AF70 /* Main.storyboard in Resources */ = {isa = PBXBuildFile; fileRef = 843B5F471EB1E5C800C2AF70 /* Main.storyboard */; };
		843B5F4B1EB1E5C800C2AF70 /* Assets.xcassets in Resources */ = {isa = PBXBuildFile; fileRef = 843B5F4A1EB1E5C800C2AF70 /* Assets.xcassets */; };
		843B5F4E1EB1E5C800C2AF70 /* LaunchScreen.storyboard in Resources */ = {isa = PBXBuildFile; fileRef = 843B5F4C1EB1E5C800C2AF70 /* LaunchScreen.storyboard */; };
		843B5F5A1EB1E5F200C2AF70 /* TFSlideTabBar.m in Sources */ = {isa = PBXBuildFile; fileRef = 843B5F571EB1E5F200C2AF70 /* TFSlideTabBar.m */; };
		843B5F5B1EB1E5F200C2AF70 /* TFSlideTabBarCollectionViewCell.m in Sources */ = {isa = PBXBuildFile; fileRef = 843B5F591EB1E5F200C2AF70 /* TFSlideTabBarCollectionViewCell.m */; };
		843B5F5E1EB1E61100C2AF70 /* TestViewController.m in Sources */ = {isa = PBXBuildFile; fileRef = 843B5F5C1EB1E61100C2AF70 /* TestViewController.m */; };
/* End PBXBuildFile section */

/* Begin PBXFileReference section */
		843B5F3B1EB1E5C800C2AF70 /* TFSlideTabBarView.app */ = {isa = PBXFileReference; explicitFileType = wrapper.application; includeInIndex = 0; path = TFSlideTabBarView.app; sourceTree = BUILT_PRODUCTS_DIR; };
		843B5F3F1EB1E5C800C2AF70 /* main.m */ = {isa = PBXFileReference; lastKnownFileType = sourcecode.c.objc; path = main.m; sourceTree = "<group>"; };
		843B5F411EB1E5C800C2AF70 /* AppDelegate.h */ = {isa = PBXFileReference; lastKnownFileType = sourcecode.c.h; path = AppDelegate.h; sourceTree = "<group>"; };
		843B5F421EB1E5C800C2AF70 /* AppDelegate.m */ = {isa = PBXFileReference; lastKnownFileType = sourcecode.c.objc; path = AppDelegate.m; sourceTree = "<group>"; };
		843B5F441EB1E5C800C2AF70 /* ViewController.h */ = {isa = PBXFileReference; lastKnownFileType = sourcecode.c.h; path = ViewController.h; sourceTree = "<group>"; };
		843B5F451EB1E5C800C2AF70 /* ViewController.m */ = {isa = PBXFileReference; lastKnownFileType = sourcecode.c.objc; path = ViewController.m; sourceTree = "<group>"; };
		843B5F481EB1E5C800C2AF70 /* Base */ = {isa = PBXFileReference; lastKnownFileType = file.storyboard; name = Base; path = Base.lproj/Main.storyboard; sourceTree = "<group>"; };
		843B5F4A1EB1E5C800C2AF70 /* Assets.xcassets */ = {isa = PBXFileReference; lastKnownFileType = folder.assetcatalog; path = Assets.xcassets; sourceTree = "<group>"; };
		843B5F4D1EB1E5C800C2AF70 /* Base */ = {isa = PBXFileReference; lastKnownFileType = file.storyboard; name = Base; path = Base.lproj/LaunchScreen.storyboard; sourceTree = "<group>"; };
		843B5F4F1EB1E5C800C2AF70 /* Info.plist */ = {isa = PBXFileReference; lastKnownFileType = text.plist.xml; path = Info.plist; sourceTree = "<group>"; };
		843B5F561EB1E5F200C2AF70 /* TFSlideTabBar.h */ = {isa = PBXFileReference; fileEncoding = 4; lastKnownFileType = sourcecode.c.h; path = TFSlideTabBar.h; sourceTree = "<group>"; };
		843B5F571EB1E5F200C2AF70 /* TFSlideTabBar.m */ = {isa = PBXFileReference; fileEncoding = 4; lastKnownFileType = sourcecode.c.objc; path = TFSlideTabBar.m; sourceTree = "<group>"; };
		843B5F581EB1E5F200C2AF70 /* TFSlideTabBarCollectionViewCell.h */ = {isa = PBXFileReference; fileEncoding = 4; lastKnownFileType = sourcecode.c.h; path = TFSlideTabBarCollectionViewCell.h; sourceTree = "<group>"; };
		843B5F591EB1E5F200C2AF70 /* TFSlideTabBarCollectionViewCell.m */ = {isa = PBXFileReference; fileEncoding = 4; lastKnownFileType = sourcecode.c.objc; path = TFSlideTabBarCollectionViewCell.m; sourceTree = "<group>"; };
		843B5F5C1EB1E61100C2AF70 /* TestViewController.m */ = {isa = PBXFileReference; fileEncoding = 4; lastKnownFileType = sourcecode.c.objc; path = TestViewController.m; sourceTree = "<group>"; };
		843B5F5D1EB1E61100C2AF70 /* TestViewController.h */ = {isa = PBXFileReference; fileEncoding = 4; lastKnownFileType = sourcecode.c.h; path = TestViewController.h; sourceTree = "<group>"; };
/* End PBXFileReference section */

/* Begin PBXFrameworksBuildPhase section */
		843B5F381EB1E5C800C2AF70 /* Frameworks */ = {
			isa = PBXFrameworksBuildPhase;
			buildActionMask = 2147483647;
			files = (
			);
			runOnlyForDeploymentPostprocessing = 0;
		};
/* End PBXFrameworksBuildPhase section */

/* Begin PBXGroup section */
		843B5F321EB1E5C800C2AF70 = {
			isa = PBXGroup;
			children = (
				843B5F3D1EB1E5C800C2AF70 /* TFSlideTabBarView */,
				843B5F3C1EB1E5C800C2AF70 /* Products */,
			);
			sourceTree = "<group>";
		};
		843B5F3C1EB1E5C800C2AF70 /* Products */ = {
			isa = PBXGroup;
			children = (
				843B5F3B1EB1E5C800C2AF70 /* TFSlideTabBarView.app */,
			);
			name = Products;
			sourceTree = "<group>";
		};
		843B5F3D1EB1E5C800C2AF70 /* TFSlideTabBarView */ = {
			isa = PBXGroup;
			children = (
				843B5F551EB1E5F200C2AF70 /* TFSlideTabBar */,
				843B5F411EB1E5C800C2AF70 /* AppDelegate.h */,
				843B5F421EB1E5C800C2AF70 /* AppDelegate.m */,
				843B5F441EB1E5C800C2AF70 /* ViewController.h */,
				843B5F451EB1E5C800C2AF70 /* ViewController.m */,
				843B5F5D1EB1E61100C2AF70 /* TestViewController.h */,
				843B5F5C1EB1E61100C2AF70 /* TestViewController.m */,
				843B5F471EB1E5C800C2AF70 /* Main.storyboard */,
				843B5F4A1EB1E5C800C2AF70 /* Assets.xcassets */,
				843B5F4C1EB1E5C800C2AF70 /* LaunchScreen.storyboard */,
				843B5F4F1EB1E5C800C2AF70 /* Info.plist */,
				843B5F3E1EB1E5C800C2AF70 /* Supporting Files */,
			);
			path = TFSlideTabBarView;
			sourceTree = "<group>";
		};
		843B5F3E1EB1E5C800C2AF70 /* Supporting Files */ = {
			isa = PBXGroup;
			children = (
				843B5F3F1EB1E5C800C2AF70 /* main.m */,
			);
			name = "Supporting Files";
			sourceTree = "<group>";
		};
		843B5F551EB1E5F200C2AF70 /* TFSlideTabBar */ = {
			isa = PBXGroup;
			children = (
				843B5F561EB1E5F200C2AF70 /* TFSlideTabBar.h */,
				843B5F571EB1E5F200C2AF70 /* TFSlideTabBar.m */,
				843B5F581EB1E5F200C2AF70 /* TFSlideTabBarCollectionViewCell.h */,
				843B5F591EB1E5F200C2AF70 /* TFSlideTabBarCollectionViewCell.m */,
			);
			path = TFSlideTabBar;
			sourceTree = "<group>";
		};
/* End PBXGroup section */

/* Begin PBXNativeTarget section */
		843B5F3A1EB1E5C800C2AF70 /* TFSlideTabBarView */ = {
			isa = PBXNativeTarget;
			buildConfigurationList = 843B5F521EB1E5C800C2AF70 /* Build configuration list for PBXNativeTarget "TFSlideTabBarView" */;
			buildPhases = (
				843B5F371EB1E5C800C2AF70 /* Sources */,
				843B5F381EB1E5C800C2AF70 /* Frameworks */,
				843B5F391EB1E5C800C2AF70 /* Resources */,
			);
			buildRules = (
			);
			dependencies = (
			);
			name = TFSlideTabBarView;
			productName = TFSlideTabBarView;
			productReference = 843B5F3B1EB1E5C800C2AF70 /* TFSlideTabBarView.app */;
			productType = "com.apple.product-type.application";
		};
/* End PBXNativeTarget section */

/* Begin PBXProject section */
		843B5F331EB1E5C800C2AF70 /* Project object */ = {
			isa = PBXProject;
			attributes = {
				LastUpgradeCheck = 0820;
				ORGANIZATIONNAME = "江霆锋";
				TargetAttributes = {
					843B5F3A1EB1E5C800C2AF70 = {
						CreatedOnToolsVersion = 8.2.1;
						ProvisioningStyle = Automatic;
					};
				};
			};
			buildConfigurationList = 843B5F361EB1E5C800C2AF70 /* Build configuration list for PBXProject "TFSlideTabBarView" */;
			compatibilityVersion = "Xcode 3.2";
			developmentRegion = English;
			hasScannedForEncodings = 0;
			knownRegions = (
				en,
				Base,
			);
			mainGroup = 843B5F321EB1E5C800C2AF70;
			productRefGroup = 843B5F3C1EB1E5C800C2AF70 /* Products */;
			projectDirPath = "";
			projectRoot = "";
			targets = (
				843B5F3A1EB1E5C800C2AF70 /* TFSlideTabBarView */,
			);
		};
/* End PBXProject section */

/* Begin PBXResourcesBuildPhase section */
		843B5F391EB1E5C800C2AF70 /* Resources */ = {
			isa = PBXResourcesBuildPhase;
			buildActionMask = 2147483647;
			files = (
				843B5F4E1EB1E5C800C2AF70 /* LaunchScreen.storyboard in Resources */,
				843B5F4B1EB1E5C800C2AF70 /* Assets.xcassets in Resources */,
				843B5F491EB1E5C800C2AF70 /* Main.storyboard in Resources */,
			);
			runOnlyForDeploymentPostprocessing = 0;
		};
/* End PBXResourcesBuildPhase section */

/* Begin PBXSourcesBuildPhase section */
		843B5F371EB1E5C800C2AF70 /* Sources */ = {
			isa = PBXSourcesBuildPhase;
			buildActionMask = 2147483647;
			files = (
				843B5F5E1EB1E61100C2AF70 /* TestViewController.m in Sources */,
				843B5F461EB1E5C800C2AF70 /* ViewController.m in Sources */,
				843B5F5A1EB1E5F200C2AF70 /* TFSlideTabBar.m in Sources */,
				843B5F431EB1E5C800C2AF70 /* AppDelegate.m in Sources */,
				843B5F5B1EB1E5F200C2AF70 /* TFSlideTabBarCollectionViewCell.m in Sources */,
				843B5F401EB1E5C800C2AF70 /* main.m in Sources */,
			);
			runOnlyForDeploymentPostprocessing = 0;
		};
/* End PBXSourcesBuildPhase section */

/* Begin PBXVariantGroup section */
		843B5F471EB1E5C800C2AF70 /* Main.storyboard */ = {
			isa = PBXVariantGroup;
			children = (
				843B5F481EB1E5C800C2AF70 /* Base */,
			);
			name = Main.storyboard;
			sourceTree = "<group>";
		};
		843B5F4C1EB1E5C800C2AF70 /* LaunchScreen.storyboard */ = {
			isa = PBXVariantGroup;
			children = (
				843B5F4D1EB1E5C800C2AF70 /* Base */,
			);
			name = LaunchScreen.storyboard;
			sourceTree = "<group>";
		};
/* End PBXVariantGroup section */

/* Begin XCBuildConfiguration section */
		843B5F501EB1E5C800C2AF70 /* Debug */ = {
			isa = XCBuildConfiguration;
			buildSettings = {
				ALWAYS_SEARCH_USER_PATHS = NO;
				CLANG_ANALYZER_NONNULL = YES;
				CLANG_CXX_LANGUAGE_STANDARD = "gnu++0x";
				CLANG_CXX_LIBRARY = "libc++";
				CLANG_ENABLE_MODULES = YES;
				CLANG_ENABLE_OBJC_ARC = YES;
				CLANG_WARN_BOOL_CONVERSION = YES;
				CLANG_WARN_CONSTANT_CONVERSION = YES;
				CLANG_WARN_DIRECT_OBJC_ISA_USAGE = YES_ERROR;
				CLANG_WARN_DOCUMENTATION_COMMENTS = YES;
				CLANG_WARN_EMPTY_BODY = YES;
				CLANG_WARN_ENUM_CONVERSION = YES;
				CLANG_WARN_INFINITE_RECURSION = YES;
				CLANG_WARN_INT_CONVERSION = YES;
				CLANG_WARN_OBJC_ROOT_CLASS = YES_ERROR;
				CLANG_WARN_SUSPICIOUS_MOVE = YES;
				CLANG_WARN_UNREACHABLE_CODE = YES;
				CLANG_WARN__DUPLICATE_METHOD_MATCH = YES;
				"CODE_SIGN_IDENTITY[sdk=iphoneos*]" = "iPhone Developer";
				COPY_PHASE_STRIP = NO;
				DEBUG_INFORMATION_FORMAT = dwarf;
				ENABLE_STRICT_OBJC_MSGSEND = YES;
				ENABLE_TESTABILITY = YES;
				GCC_C_LANGUAGE_STANDARD = gnu99;
				GCC_DYNAMIC_NO_PIC = NO;
				GCC_NO_COMMON_BLOCKS = YES;
				GCC_OPTIMIZATION_LEVEL = 0;
				GCC_PREPROCESSOR_DEFINITIONS = (
					"DEBUG=1",
					"$(inherited)",
				);
				GCC_WARN_64_TO_32_BIT_CONVERSION = YES;
				GCC_WARN_ABOUT_RETURN_TYPE = YES_ERROR;
				GCC_WARN_UNDECLARED_SELECTOR = YES;
				GCC_WARN_UNINITIALIZED_AUTOS = YES_AGGRESSIVE;
				GCC_WARN_UNUSED_FUNCTION = YES;
				GCC_WARN_UNUSED_VARIABLE = YES;
				IPHONEOS_DEPLOYMENT_TARGET = 10.2;
				MTL_ENABLE_DEBUG_INFO = YES;
				ONLY_ACTIVE_ARCH = YES;
				SDKROOT = iphoneos;
				TARGETED_DEVICE_FAMILY = "1,2";
			};
			name = Debug;
		};
		843B5F511EB1E5C800C2AF70 /* Release */ = {
			isa = XCBuildConfiguration;
			buildSettings = {
				ALWAYS_SEARCH_USER_PATHS = NO;
				CLANG_ANALYZER_NONNULL = YES;
				CLANG_CXX_LANGUAGE_STANDARD = "gnu++0x";
				CLANG_CXX_LIBRARY = "libc++";
				CLANG_ENABLE_MODULES = YES;
				CLANG_ENABLE_OBJC_ARC = YES;
				CLANG_WARN_BOOL_CONVERSION = YES;
				CLANG_WARN_CONSTANT_CONVERSION = YES;
				CLANG_WARN_DIRECT_OBJC_ISA_USAGE = YES_ERROR;
				CLANG_WARN_DOCUMENTATION_COMMENTS = YES;
				CLANG_WARN_EMPTY_BODY = YES;
				CLANG_WARN_ENUM_CONVERSION = YES;
				CLANG_WARN_INFINITE_RECURSION = YES;
				CLANG_WARN_INT_CONVERSION = YES;
				CLANG_WARN_OBJC_ROOT_CLASS = YES_ERROR;
				CLANG_WARN_SUSPICIOUS_MOVE = YES;
				CLANG_WARN_UNREACHABLE_CODE = YES;
				CLANG_WARN__DUPLICATE_METHOD_MATCH = YES;
				"CODE_SIGN_IDENTITY[sdk=iphoneos*]" = "iPhone Developer";
				COPY_PHASE_STRIP = NO;
				DEBUG_INFORMATION_FORMAT = "dwarf-with-dsym";
				ENABLE_NS_ASSERTIONS = NO;
				ENABLE_STRICT_OBJC_MSGSEND = YES;
				GCC_C_LANGUAGE_STANDARD = gnu99;
				GCC_NO_COMMON_BLOCKS = YES;
				GCC_WARN_64_TO_32_BIT_CONVERSION = YES;
				GCC_WARN_ABOUT_RETURN_TYPE = YES_ERROR;
				GCC_WARN_UNDECLARED_SELECTOR = YES;
				GCC_WARN_UNINITIALIZED_AUTOS = YES_AGGRESSIVE;
				GCC_WARN_UNUSED_FUNCTION = YES;
				GCC_WARN_UNUSED_VARIABLE = YES;
				IPHONEOS_DEPLOYMENT_TARGET = 10.2;
				MTL_ENABLE_DEBUG_INFO = NO;
				SDKROOT = iphoneos;
				TARGETED_DEVICE_FAMILY = "1,2";
				VALIDATE_PRODUCT = YES;
			};
			name = Release;
		};
		843B5F531EB1E5C800C2AF70 /* Debug */ = {
			isa = XCBuildConfiguration;
			buildSettings = {
				ASSETCATALOG_COMPILER_APPICON_NAME = AppIcon;
				INFOPLIST_FILE = TFSlideTabBarView/Info.plist;
				LD_RUNPATH_SEARCH_PATHS = "$(inherited) @executable_path/Frameworks";
				PRODUCT_BUNDLE_IDENTIFIER = tingfeng.TFSlideTabBarView;
				PRODUCT_NAME = "$(TARGET_NAME)";
			};
			name = Debug;
		};
		843B5F541EB1E5C800C2AF70 /* Release */ = {
			isa = XCBuildConfiguration;
			buildSettings = {
				ASSETCATALOG_COMPILER_APPICON_NAME = AppIcon;
				INFOPLIST_FILE = TFSlideTabBarView/Info.plist;
				LD_RUNPATH_SEARCH_PATHS = "$(inherited) @executable_path/Frameworks";
				PRODUCT_BUNDLE_IDENTIFIER = tingfeng.TFSlideTabBarView;
				PRODUCT_NAME = "$(TARGET_NAME)";
			};
			name = Release;
		};
/* End XCBuildConfiguration section */

/* Begin XCConfigurationList section */
		843B5F361EB1E5C800C2AF70 /* Build configuration list for PBXProject "TFSlideTabBarView" */ = {
			isa = XCConfigurationList;
			buildConfigurations = (
				843B5F501EB1E5C800C2AF70 /* Debug */,
				843B5F511EB1E5C800C2AF70 /* Release */,
			);
			defaultConfigurationIsVisible = 0;
			defaultConfigurationName = Release;
		};
		843B5F521EB1E5C800C2AF70 /* Build configuration list for PBXNativeTarget "TFSlideTabBarView" */ = {
			isa = XCConfigurationList;
			buildConfigurations = (
				843B5F531EB1E5C800C2AF70 /* Debug */,
				843B5F541EB1E5C800C2AF70 /* Release */,
			);
			defaultConfigurationIsVisible = 0;
		};
/* End XCConfigurationList section */
	};
	rootObject = 843B5F331EB1E5C800C2AF70 /* Project object */;
}
